
Microsoft Visual Studio Solution File, Format Version 12.00
# Visual Studio Version 17
VisualStudioVersion = 17.0.31903.59
MinimumVisualStudioVersion = 10.0.40219.1
Project("{FAE04EC0-301F-11D3-BF4B-00C04F79EFBC}") = "IAM.Api", "IAM.Api\IAM.Api.csproj", "{3593A79C-A716-4EF1-BC91-988D80693FEF}"
EndProject
Project("{FAE04EC0-301F-11D3-BF4B-00C04F79EFBC}") = "IAM.Application", "IAM.Application\IAM.Application.csproj", "{27A0F176-464C-42CD-93A4-F8BB77AD01E5}"
EndProject
Project("{FAE04EC0-301F-11D3-BF4B-00C04F79EFBC}") = "IAM.Domain", "IAM.Domain\IAM.Domain.csproj", "{6CEDADB2-16F9-490E-976A-3AB2ECF2B096}"
EndProject
Project("{FAE04EC0-301F-11D3-BF4B-00C04F79EFBC}") = "IAM.Infrastructure", "IAM.Infrastructure\IAM.Infrastructure.csproj", "{12D2C0B0-D828-4AFB-B148-9131B9858E42}"
EndProject
Project("{FAE04EC0-301F-11D3-BF4B-00C04F79EFBC}") = "IAM.Tests", "IAM.Tests\IAM.Tests.csproj", "{C1027DCD-F6C4-4CBD-A776-04F6EE47B74C}"
EndProject
Global
	GlobalSection(SolutionConfigurationPlatforms) = preSolution
		Debug|Any CPU = Debug|Any CPU
		Debug|x64 = Debug|x64
		Debug|x86 = Debug|x86
		Release|Any CPU = Release|Any CPU
		Release|x64 = Release|x64
		Release|x86 = Release|x86
	EndGlobalSection
	GlobalSection(ProjectConfigurationPlatforms) = postSolution
		{3593A79C-A716-4EF1-BC91-988D80693FEF}.Debug|Any CPU.ActiveCfg = Debug|Any CPU
		{3593A79C-A716-4EF1-BC91-988D80693FEF}.Debug|Any CPU.Build.0 = Debug|Any CPU
		{3593A79C-A716-4EF1-BC91-988D80693FEF}.Debug|x64.ActiveCfg = Debug|Any CPU
		{3593A79C-A716-4EF1-BC91-988D80693FEF}.Debug|x64.Build.0 = Debug|Any CPU
		{3593A79C-A716-4EF1-BC91-988D80693FEF}.Debug|x86.ActiveCfg = Debug|Any CPU
		{3593A79C-A716-4EF1-BC91-988D80693FEF}.Debug|x86.Build.0 = Debug|Any CPU
		{3593A79C-A716-4EF1-BC91-988D80693FEF}.Release|Any CPU.ActiveCfg = Release|Any CPU
		{3593A79C-A716-4EF1-BC91-988D80693FEF}.Release|Any CPU.Build.0 = Release|Any CPU
		{3593A79C-A716-4EF1-BC91-988D80693FEF}.Release|x64.ActiveCfg = Release|Any CPU
		{3593A79C-A716-4EF1-BC91-988D80693FEF}.Release|x64.Build.0 = Release|Any CPU
		{3593A79C-A716-4EF1-BC91-988D80693FEF}.Release|x86.ActiveCfg = Release|Any CPU
		{3593A79C-A716-4EF1-BC91-988D80693FEF}.Release|x86.Build.0 = Release|Any CPU
		{27A0F176-464C-42CD-93A4-F8BB77AD01E5}.Debug|Any CPU.ActiveCfg = Debug|Any CPU
		{27A0F176-464C-42CD-93A4-F8BB77AD01E5}.Debug|Any CPU.Build.0 = Debug|Any CPU
		{27A0F176-464C-42CD-93A4-F8BB77AD01E5}.Debug|x64.ActiveCfg = Debug|Any CPU
		{27A0F176-464C-42CD-93A4-F8BB77AD01E5}.Debug|x64.Build.0 = Debug|Any CPU
		{27A0F176-464C-42CD-93A4-F8BB77AD01E5}.Debug|x86.ActiveCfg = Debug|Any CPU
		{27A0F176-464C-42CD-93A4-F8BB77AD01E5}.Debug|x86.Build.0 = Debug|Any CPU
		{27A0F176-464C-42CD-93A4-F8BB77AD01E5}.Release|Any CPU.ActiveCfg = Release|Any CPU
		{27A0F176-464C-42CD-93A4-F8BB77AD01E5}.Release|Any CPU.Build.0 = Release|Any CPU
		{27A0F176-464C-42CD-93A4-F8BB77AD01E5}.Release|x64.ActiveCfg = Release|Any CPU
		{27A0F176-464C-42CD-93A4-F8BB77AD01E5}.Release|x64.Build.0 = Release|Any CPU
		{27A0F176-464C-42CD-93A4-F8BB77AD01E5}.Release|x86.ActiveCfg = Release|Any CPU
		{27A0F176-464C-42CD-93A4-F8BB77AD01E5}.Release|x86.Build.0 = Release|Any CPU
		{6CEDADB2-16F9-490E-976A-3AB2ECF2B096}.Debug|Any CPU.ActiveCfg = Debug|Any CPU
		{6CEDADB2-16F9-490E-976A-3AB2ECF2B096}.Debug|Any CPU.Build.0 = Debug|Any CPU
		{6CEDADB2-16F9-490E-976A-3AB2ECF2B096}.Debug|x64.ActiveCfg = Debug|Any CPU
		{6CEDADB2-16F9-490E-976A-3AB2ECF2B096}.Debug|x64.Build.0 = Debug|Any CPU
		{6CEDADB2-16F9-490E-976A-3AB2ECF2B096}.Debug|x86.ActiveCfg = Debug|Any CPU
		{6CEDADB2-16F9-490E-976A-3AB2ECF2B096}.Debug|x86.Build.0 = Debug|Any CPU
		{6CEDADB2-16F9-490E-976A-3AB2ECF2B096}.Release|Any CPU.ActiveCfg = Release|Any CPU
		{6CEDADB2-16F9-490E-976A-3AB2ECF2B096}.Release|Any CPU.Build.0 = Release|Any CPU
		{6CEDADB2-16F9-490E-976A-3AB2ECF2B096}.Release|x64.ActiveCfg = Release|Any CPU
		{6CEDADB2-16F9-490E-976A-3AB2ECF2B096}.Release|x64.Build.0 = Release|Any CPU
		{6CEDADB2-16F9-490E-976A-3AB2ECF2B096}.Release|x86.ActiveCfg = Release|Any CPU
		{6CEDADB2-16F9-490E-976A-3AB2ECF2B096}.Release|x86.Build.0 = Release|Any CPU
		{12D2C0B0-D828-4AFB-B148-9131B9858E42}.Debug|Any CPU.ActiveCfg = Debug|Any CPU
		{12D2C0B0-D828-4AFB-B148-9131B9858E42}.Debug|Any CPU.Build.0 = Debug|Any CPU
		{12D2C0B0-D828-4AFB-B148-9131B9858E42}.Debug|x64.ActiveCfg = Debug|Any CPU
		{12D2C0B0-D828-4AFB-B148-9131B9858E42}.Debug|x64.Build.0 = Debug|Any CPU
		{12D2C0B0-D828-4AFB-B148-9131B9858E42}.Debug|x86.ActiveCfg = Debug|Any CPU
		{12D2C0B0-D828-4AFB-B148-9131B9858E42}.Debug|x86.Build.0 = Debug|Any CPU
		{12D2C0B0-D828-4AFB-B148-9131B9858E42}.Release|Any CPU.ActiveCfg = Release|Any CPU
		{12D2C0B0-D828-4AFB-B148-9131B9858E42}.Release|Any CPU.Build.0 = Release|Any CPU
		{12D2C0B0-D828-4AFB-B148-9131B9858E42}.Release|x64.ActiveCfg = Release|Any CPU
		{12D2C0B0-D828-4AFB-B148-9131B9858E42}.Release|x64.Build.0 = Release|Any CPU
		{12D2C0B0-D828-4AFB-B148-9131B9858E42}.Release|x86.ActiveCfg = Release|Any CPU
		{12D2C0B0-D828-4AFB-B148-9131B9858E42}.Release|x86.Build.0 = Release|Any CPU
		{C1027DCD-F6C4-4CBD-A776-04F6EE47B74C}.Debug|Any CPU.ActiveCfg = Debug|Any CPU
		{C1027DCD-F6C4-4CBD-A776-04F6EE47B74C}.Debug|Any CPU.Build.0 = Debug|Any CPU
		{C1027DCD-F6C4-4CBD-A776-04F6EE47B74C}.Debug|x64.ActiveCfg = Debug|Any CPU
		{C1027DCD-F6C4-4CBD-A776-04F6EE47B74C}.Debug|x64.Build.0 = Debug|Any CPU
		{C1027DCD-F6C4-4CBD-A776-04F6EE47B74C}.Debug|x86.ActiveCfg = Debug|Any CPU
		{C1027DCD-F6C4-4CBD-A776-04F6EE47B74C}.Debug|x86.Build.0 = Debug|Any CPU
		{C1027DCD-F6C4-4CBD-A776-04F6EE47B74C}.Release|Any CPU.ActiveCfg = Release|Any CPU
		{C1027DCD-F6C4-4CBD-A776-04F6EE47B74C}.Release|Any CPU.Build.0 = Release|Any CPU
		{C1027DCD-F6C4-4CBD-A776-04F6EE47B74C}.Release|x64.ActiveCfg = Release|Any CPU
		{C1027DCD-F6C4-4CBD-A776-04F6EE47B74C}.Release|x64.Build.0 = Release|Any CPU
		{C1027DCD-F6C4-4CBD-A776-04F6EE47B74C}.Release|x86.ActiveCfg = Release|Any CPU
		{C1027DCD-F6C4-4CBD-A776-04F6EE47B74C}.Release|x86.Build.0 = Release|Any CPU
	EndGlobalSection
	GlobalSection(SolutionProperties) = preSolution
		HideSolutionNode = FALSE
	EndGlobalSection
EndGlobal
