
Microsoft Visual Studio Solution File, Format Version 12.00
# Visual Studio Version 17
VisualStudioVersion = 17.0.31903.59
MinimumVisualStudioVersion = 10.0.40219.1
Project("{2150E333-8FDC-42A3-9474-1A3956D46DE8}") = "src", "src", "{827E0CD3-B72D-47B6-A68D-7590B98EB39B}"
EndProject
Project("{2150E333-8FDC-42A3-9474-1A3956D46DE8}") = "services", "services", "{984BB9B3-3FA3-BE33-9484-CAC21695A33C}"
EndProject
Project("{2150E333-8FDC-42A3-9474-1A3956D46DE8}") = "iam", "iam", "{EC120B58-9687-18B1-BD2E-F86386B6F638}"
EndProject
Project("{FAE04EC0-301F-11D3-BF4B-00C04F79EFBC}") = "IAM.Api", "src\services\iam\IAM.Api\IAM.Api.csproj", "{0978433B-0C1A-467F-BD1C-46EAF88EAB12}"
EndProject
Project("{FAE04EC0-301F-11D3-BF4B-00C04F79EFBC}") = "IAM.Application", "src\services\iam\IAM.Application\IAM.Application.csproj", "{C7CBF629-A0CB-4C6B-8274-71979BC893E3}"
EndProject
Project("{FAE04EC0-301F-11D3-BF4B-00C04F79EFBC}") = "IAM.Domain", "src\services\iam\IAM.Domain\IAM.Domain.csproj", "{707F06BB-7D0F-4C39-9121-280D7C75E702}"
EndProject
Project("{FAE04EC0-301F-11D3-BF4B-00C04F79EFBC}") = "IAM.Infrastructure", "src\services\iam\IAM.Infrastructure\IAM.Infrastructure.csproj", "{6711082D-D687-4FAD-9DF7-BFD7F66BC604}"
EndProject
Project("{FAE04EC0-301F-11D3-BF4B-00C04F79EFBC}") = "IAM.Tests", "src\services\iam\IAM.Tests\IAM.Tests.csproj", "{16D15F77-7AFC-4619-809C-EF9A1EAD9286}"
EndProject
Project("{2150E333-8FDC-42A3-9474-1A3956D46DE8}") = "gateway", "gateway", "{6306A8FB-679E-111F-6585-8F70E0EE6013}"
EndProject
Project("{FAE04EC0-301F-11D3-BF4B-00C04F79EFBC}") = "Gateway", "src\gateway\Gateway\Gateway.csproj", "{36660DB7-67C9-47A0-9EEB-FB4B6A11503E}"
EndProject
Global
	GlobalSection(SolutionConfigurationPlatforms) = preSolution
		Debug|Any CPU = Debug|Any CPU
		Debug|x64 = Debug|x64
		Debug|x86 = Debug|x86
		Release|Any CPU = Release|Any CPU
		Release|x64 = Release|x64
		Release|x86 = Release|x86
	EndGlobalSection
	GlobalSection(ProjectConfigurationPlatforms) = postSolution
		{0978433B-0C1A-467F-BD1C-46EAF88EAB12}.Debug|Any CPU.ActiveCfg = Debug|Any CPU
		{0978433B-0C1A-467F-BD1C-46EAF88EAB12}.Debug|Any CPU.Build.0 = Debug|Any CPU
		{0978433B-0C1A-467F-BD1C-46EAF88EAB12}.Debug|x64.ActiveCfg = Debug|Any CPU
		{0978433B-0C1A-467F-BD1C-46EAF88EAB12}.Debug|x64.Build.0 = Debug|Any CPU
		{0978433B-0C1A-467F-BD1C-46EAF88EAB12}.Debug|x86.ActiveCfg = Debug|Any CPU
		{0978433B-0C1A-467F-BD1C-46EAF88EAB12}.Debug|x86.Build.0 = Debug|Any CPU
		{0978433B-0C1A-467F-BD1C-46EAF88EAB12}.Release|Any CPU.ActiveCfg = Release|Any CPU
		{0978433B-0C1A-467F-BD1C-46EAF88EAB12}.Release|Any CPU.Build.0 = Release|Any CPU
		{0978433B-0C1A-467F-BD1C-46EAF88EAB12}.Release|x64.ActiveCfg = Release|Any CPU
		{0978433B-0C1A-467F-BD1C-46EAF88EAB12}.Release|x64.Build.0 = Release|Any CPU
		{0978433B-0C1A-467F-BD1C-46EAF88EAB12}.Release|x86.ActiveCfg = Release|Any CPU
		{0978433B-0C1A-467F-BD1C-46EAF88EAB12}.Release|x86.Build.0 = Release|Any CPU
		{C7CBF629-A0CB-4C6B-8274-71979BC893E3}.Debug|Any CPU.ActiveCfg = Debug|Any CPU
		{C7CBF629-A0CB-4C6B-8274-71979BC893E3}.Debug|Any CPU.Build.0 = Debug|Any CPU
		{C7CBF629-A0CB-4C6B-8274-71979BC893E3}.Debug|x64.ActiveCfg = Debug|Any CPU
		{C7CBF629-A0CB-4C6B-8274-71979BC893E3}.Debug|x64.Build.0 = Debug|Any CPU
		{C7CBF629-A0CB-4C6B-8274-71979BC893E3}.Debug|x86.ActiveCfg = Debug|Any CPU
		{C7CBF629-A0CB-4C6B-8274-71979BC893E3}.Debug|x86.Build.0 = Debug|Any CPU
		{C7CBF629-A0CB-4C6B-8274-71979BC893E3}.Release|Any CPU.ActiveCfg = Release|Any CPU
		{C7CBF629-A0CB-4C6B-8274-71979BC893E3}.Release|Any CPU.Build.0 = Release|Any CPU
		{C7CBF629-A0CB-4C6B-8274-71979BC893E3}.Release|x64.ActiveCfg = Release|Any CPU
		{C7CBF629-A0CB-4C6B-8274-71979BC893E3}.Release|x64.Build.0 = Release|Any CPU
		{C7CBF629-A0CB-4C6B-8274-71979BC893E3}.Release|x86.ActiveCfg = Release|Any CPU
		{C7CBF629-A0CB-4C6B-8274-71979BC893E3}.Release|x86.Build.0 = Release|Any CPU
		{707F06BB-7D0F-4C39-9121-280D7C75E702}.Debug|Any CPU.ActiveCfg = Debug|Any CPU
		{707F06BB-7D0F-4C39-9121-280D7C75E702}.Debug|Any CPU.Build.0 = Debug|Any CPU
		{707F06BB-7D0F-4C39-9121-280D7C75E702}.Debug|x64.ActiveCfg = Debug|Any CPU
		{707F06BB-7D0F-4C39-9121-280D7C75E702}.Debug|x64.Build.0 = Debug|Any CPU
		{707F06BB-7D0F-4C39-9121-280D7C75E702}.Debug|x86.ActiveCfg = Debug|Any CPU
		{707F06BB-7D0F-4C39-9121-280D7C75E702}.Debug|x86.Build.0 = Debug|Any CPU
		{707F06BB-7D0F-4C39-9121-280D7C75E702}.Release|Any CPU.ActiveCfg = Release|Any CPU
		{707F06BB-7D0F-4C39-9121-280D7C75E702}.Release|Any CPU.Build.0 = Release|Any CPU
		{707F06BB-7D0F-4C39-9121-280D7C75E702}.Release|x64.ActiveCfg = Release|Any CPU
		{707F06BB-7D0F-4C39-9121-280D7C75E702}.Release|x64.Build.0 = Release|Any CPU
		{707F06BB-7D0F-4C39-9121-280D7C75E702}.Release|x86.ActiveCfg = Release|Any CPU
		{707F06BB-7D0F-4C39-9121-280D7C75E702}.Release|x86.Build.0 = Release|Any CPU
		{6711082D-D687-4FAD-9DF7-BFD7F66BC604}.Debug|Any CPU.ActiveCfg = Debug|Any CPU
		{6711082D-D687-4FAD-9DF7-BFD7F66BC604}.Debug|Any CPU.Build.0 = Debug|Any CPU
		{6711082D-D687-4FAD-9DF7-BFD7F66BC604}.Debug|x64.ActiveCfg = Debug|Any CPU
		{6711082D-D687-4FAD-9DF7-BFD7F66BC604}.Debug|x64.Build.0 = Debug|Any CPU
		{6711082D-D687-4FAD-9DF7-BFD7F66BC604}.Debug|x86.ActiveCfg = Debug|Any CPU
		{6711082D-D687-4FAD-9DF7-BFD7F66BC604}.Debug|x86.Build.0 = Debug|Any CPU
		{6711082D-D687-4FAD-9DF7-BFD7F66BC604}.Release|Any CPU.ActiveCfg = Release|Any CPU
		{6711082D-D687-4FAD-9DF7-BFD7F66BC604}.Release|Any CPU.Build.0 = Release|Any CPU
		{6711082D-D687-4FAD-9DF7-BFD7F66BC604}.Release|x64.ActiveCfg = Release|Any CPU
		{6711082D-D687-4FAD-9DF7-BFD7F66BC604}.Release|x64.Build.0 = Release|Any CPU
		{6711082D-D687-4FAD-9DF7-BFD7F66BC604}.Release|x86.ActiveCfg = Release|Any CPU
		{6711082D-D687-4FAD-9DF7-BFD7F66BC604}.Release|x86.Build.0 = Release|Any CPU
		{16D15F77-7AFC-4619-809C-EF9A1EAD9286}.Debug|Any CPU.ActiveCfg = Debug|Any CPU
		{16D15F77-7AFC-4619-809C-EF9A1EAD9286}.Debug|Any CPU.Build.0 = Debug|Any CPU
		{16D15F77-7AFC-4619-809C-EF9A1EAD9286}.Debug|x64.ActiveCfg = Debug|Any CPU
		{16D15F77-7AFC-4619-809C-EF9A1EAD9286}.Debug|x64.Build.0 = Debug|Any CPU
		{16D15F77-7AFC-4619-809C-EF9A1EAD9286}.Debug|x86.ActiveCfg = Debug|Any CPU
		{16D15F77-7AFC-4619-809C-EF9A1EAD9286}.Debug|x86.Build.0 = Debug|Any CPU
		{16D15F77-7AFC-4619-809C-EF9A1EAD9286}.Release|Any CPU.ActiveCfg = Release|Any CPU
		{16D15F77-7AFC-4619-809C-EF9A1EAD9286}.Release|Any CPU.Build.0 = Release|Any CPU
		{16D15F77-7AFC-4619-809C-EF9A1EAD9286}.Release|x64.ActiveCfg = Release|Any CPU
		{16D15F77-7AFC-4619-809C-EF9A1EAD9286}.Release|x64.Build.0 = Release|Any CPU
		{16D15F77-7AFC-4619-809C-EF9A1EAD9286}.Release|x86.ActiveCfg = Release|Any CPU
		{16D15F77-7AFC-4619-809C-EF9A1EAD9286}.Release|x86.Build.0 = Release|Any CPU
		{36660DB7-67C9-47A0-9EEB-FB4B6A11503E}.Debug|Any CPU.ActiveCfg = Debug|Any CPU
		{36660DB7-67C9-47A0-9EEB-FB4B6A11503E}.Debug|Any CPU.Build.0 = Debug|Any CPU
		{36660DB7-67C9-47A0-9EEB-FB4B6A11503E}.Debug|x64.ActiveCfg = Debug|Any CPU
		{36660DB7-67C9-47A0-9EEB-FB4B6A11503E}.Debug|x64.Build.0 = Debug|Any CPU
		{36660DB7-67C9-47A0-9EEB-FB4B6A11503E}.Debug|x86.ActiveCfg = Debug|Any CPU
		{36660DB7-67C9-47A0-9EEB-FB4B6A11503E}.Debug|x86.Build.0 = Debug|Any CPU
		{36660DB7-67C9-47A0-9EEB-FB4B6A11503E}.Release|Any CPU.ActiveCfg = Release|Any CPU
		{36660DB7-67C9-47A0-9EEB-FB4B6A11503E}.Release|Any CPU.Build.0 = Release|Any CPU
		{36660DB7-67C9-47A0-9EEB-FB4B6A11503E}.Release|x64.ActiveCfg = Release|Any CPU
		{36660DB7-67C9-47A0-9EEB-FB4B6A11503E}.Release|x64.Build.0 = Release|Any CPU
		{36660DB7-67C9-47A0-9EEB-FB4B6A11503E}.Release|x86.ActiveCfg = Release|Any CPU
		{36660DB7-67C9-47A0-9EEB-FB4B6A11503E}.Release|x86.Build.0 = Release|Any CPU
	EndGlobalSection
	GlobalSection(SolutionProperties) = preSolution
		HideSolutionNode = FALSE
	EndGlobalSection
	GlobalSection(NestedProjects) = preSolution
		{984BB9B3-3FA3-BE33-9484-CAC21695A33C} = {827E0CD3-B72D-47B6-A68D-7590B98EB39B}
		{EC120B58-9687-18B1-BD2E-F86386B6F638} = {984BB9B3-3FA3-BE33-9484-CAC21695A33C}
		{0978433B-0C1A-467F-BD1C-46EAF88EAB12} = {EC120B58-9687-18B1-BD2E-F86386B6F638}
		{C7CBF629-A0CB-4C6B-8274-71979BC893E3} = {EC120B58-9687-18B1-BD2E-F86386B6F638}
		{707F06BB-7D0F-4C39-9121-280D7C75E702} = {EC120B58-9687-18B1-BD2E-F86386B6F638}
		{6711082D-D687-4FAD-9DF7-BFD7F66BC604} = {EC120B58-9687-18B1-BD2E-F86386B6F638}
		{16D15F77-7AFC-4619-809C-EF9A1EAD9286} = {EC120B58-9687-18B1-BD2E-F86386B6F638}
		{6306A8FB-679E-111F-6585-8F70E0EE6013} = {827E0CD3-B72D-47B6-A68D-7590B98EB39B}
		{36660DB7-67C9-47A0-9EEB-FB4B6A11503E} = {6306A8FB-679E-111F-6585-8F70E0EE6013}
	EndGlobalSection
EndGlobal
